langcode: en
status: true
dependencies:
  module:
    - block_class
    - ctools
    - social_simple
  theme:
    - asu_alumni_custom
third_party_settings:
  block_class:
    classes: ''
id: socialsimpleblock
theme: asu_alumni_custom
region: sidebar_second
weight: -16
provider: null
plugin: social_simple_block
settings:
  id: social_simple_block
  label: 'Social simple block'
  provider: social_simple
  label_display: '0'
  social_networks:
    twitter: twitter
    facebook: facebook
    googleplus: googleplus
    linkedin: linkedin
  social_share_title: 'Share:'
visibility:
  'entity_bundle:node':
    id: 'entity_bundle:node'
    bundles:
      event: event
    negate: false
    context_mapping:
      node: '@node.node_route_context:node'
