langcode: en
status: true
dependencies:
  config:
    - block_content.type.ad
    - block_content.type.cta
    - field.storage.paragraph.field_block
    - paragraphs.paragraphs_type.simple
id: paragraph.simple.field_block
field_name: field_block
entity_type: paragraph
bundle: simple
label: Block
description: ''
required: false
translatable: false
default_value: {  }
default_value_callback: ''
settings:
  handler: 'default:block_content'
  handler_settings:
    target_bundles:
      ad: ad
      cta: cta
    sort:
      field: _none
    auto_create: false
    auto_create_bundle: ad
field_type: entity_reference
